
Microsoft Visual Studio Solution File, Format Version 12.00
# Visual Studio Version 16
VisualStudioVersion = 16.0.30517.126
MinimumVisualStudioVersion = 10.0.40219.1
Project("{FAE04EC0-301F-11D3-BF4B-00C04F79EFBC}") = "kickshowrepo.Android", "kickshowrepo.Android\kickshowrepo.Android.csproj", "{17409A8F-34E1-4D2B-97D1-D28213180183}"
EndProject
Project("{FAE04EC0-301F-11D3-BF4B-00C04F79EFBC}") = "kickshowrepo.iOS", "kickshowrepo.iOS\kickshowrepo.iOS.csproj", "{B3FE0008-D37C-4A3A-AA9A-6B253F4F24AA}"
EndProject
Project("{FAE04EC0-301F-11D3-BF4B-00C04F79EFBC}") = "kickshowrepo", "kickshowrepo\kickshowrepo.csproj", "{9C460592-9AB0-4C28-BD46-B01A3D1261F2}"
EndProject
Global
	GlobalSection(SolutionConfigurationPlatforms) = preSolution
		Debug|Any CPU = Debug|Any CPU
		Debug|iPhone = Debug|iPhone
		Debug|iPhoneSimulator = Debug|iPhoneSimulator
		Release|Any CPU = Release|Any CPU
		Release|iPhone = Release|iPhone
		Release|iPhoneSimulator = Release|iPhoneSimulator
	EndGlobalSection
	GlobalSection(ProjectConfigurationPlatforms) = postSolution
		{17409A8F-34E1-4D2B-97D1-D28213180183}.Debug|Any CPU.ActiveCfg = Debug|Any CPU
		{17409A8F-34E1-4D2B-97D1-D28213180183}.Debug|Any CPU.Build.0 = Debug|Any CPU
		{17409A8F-34E1-4D2B-97D1-D28213180183}.Debug|Any CPU.Deploy.0 = Debug|Any CPU
		{17409A8F-34E1-4D2B-97D1-D28213180183}.Debug|iPhone.ActiveCfg = Debug|Any CPU
		{17409A8F-34E1-4D2B-97D1-D28213180183}.Debug|iPhone.Build.0 = Debug|Any CPU
		{17409A8F-34E1-4D2B-97D1-D28213180183}.Debug|iPhone.Deploy.0 = Debug|Any CPU
		{17409A8F-34E1-4D2B-97D1-D28213180183}.Debug|iPhoneSimulator.ActiveCfg = Debug|Any CPU
		{17409A8F-34E1-4D2B-97D1-D28213180183}.Debug|iPhoneSimulator.Build.0 = Debug|Any CPU
		{17409A8F-34E1-4D2B-97D1-D28213180183}.Debug|iPhoneSimulator.Deploy.0 = Debug|Any CPU
		{17409A8F-34E1-4D2B-97D1-D28213180183}.Release|Any CPU.ActiveCfg = Release|Any CPU
		{17409A8F-34E1-4D2B-97D1-D28213180183}.Release|Any CPU.Build.0 = Release|Any CPU
		{17409A8F-34E1-4D2B-97D1-D28213180183}.Release|Any CPU.Deploy.0 = Release|Any CPU
		{17409A8F-34E1-4D2B-97D1-D28213180183}.Release|iPhone.ActiveCfg = Release|Any CPU
		{17409A8F-34E1-4D2B-97D1-D28213180183}.Release|iPhone.Build.0 = Release|Any CPU
		{17409A8F-34E1-4D2B-97D1-D28213180183}.Release|iPhone.Deploy.0 = Release|Any CPU
		{17409A8F-34E1-4D2B-97D1-D28213180183}.Release|iPhoneSimulator.ActiveCfg = Release|Any CPU
		{17409A8F-34E1-4D2B-97D1-D28213180183}.Release|iPhoneSimulator.Build.0 = Release|Any CPU
		{17409A8F-34E1-4D2B-97D1-D28213180183}.Release|iPhoneSimulator.Deploy.0 = Release|Any CPU
		{B3FE0008-D37C-4A3A-AA9A-6B253F4F24AA}.Debug|Any CPU.ActiveCfg = Debug|iPhone
		{B3FE0008-D37C-4A3A-AA9A-6B253F4F24AA}.Debug|Any CPU.Build.0 = Debug|iPhone
		{B3FE0008-D37C-4A3A-AA9A-6B253F4F24AA}.Debug|Any CPU.Deploy.0 = Debug|iPhone
		{B3FE0008-D37C-4A3A-AA9A-6B253F4F24AA}.Debug|iPhone.ActiveCfg = Debug|iPhone
		{B3FE0008-D37C-4A3A-AA9A-6B253F4F24AA}.Debug|iPhone.Build.0 = Debug|iPhone
		{B3FE0008-D37C-4A3A-AA9A-6B253F4F24AA}.Debug|iPhone.Deploy.0 = Debug|iPhone
		{B3FE0008-D37C-4A3A-AA9A-6B253F4F24AA}.Debug|iPhoneSimulator.ActiveCfg = Debug|iPhoneSimulator
		{B3FE0008-D37C-4A3A-AA9A-6B253F4F24AA}.Debug|iPhoneSimulator.Build.0 = Debug|iPhoneSimulator
		{B3FE0008-D37C-4A3A-AA9A-6B253F4F24AA}.Debug|iPhoneSimulator.Deploy.0 = Debug|iPhoneSimulator
		{B3FE0008-D37C-4A3A-AA9A-6B253F4F24AA}.Release|Any CPU.ActiveCfg = Release|iPhoneSimulator
		{B3FE0008-D37C-4A3A-AA9A-6B253F4F24AA}.Release|Any CPU.Build.0 = Release|iPhoneSimulator
		{B3FE0008-D37C-4A3A-AA9A-6B253F4F24AA}.Release|Any CPU.Deploy.0 = Release|iPhoneSimulator
		{B3FE0008-D37C-4A3A-AA9A-6B253F4F24AA}.Release|iPhone.ActiveCfg = Release|iPhone
		{B3FE0008-D37C-4A3A-AA9A-6B253F4F24AA}.Release|iPhone.Build.0 = Release|iPhone
		{B3FE0008-D37C-4A3A-AA9A-6B253F4F24AA}.Release|iPhone.Deploy.0 = Release|iPhone
		{B3FE0008-D37C-4A3A-AA9A-6B253F4F24AA}.Release|iPhoneSimulator.ActiveCfg = Release|iPhoneSimulator
		{B3FE0008-D37C-4A3A-AA9A-6B253F4F24AA}.Release|iPhoneSimulator.Build.0 = Release|iPhoneSimulator
		{B3FE0008-D37C-4A3A-AA9A-6B253F4F24AA}.Release|iPhoneSimulator.Deploy.0 = Release|iPhoneSimulator
		{9C460592-9AB0-4C28-BD46-B01A3D1261F2}.Debug|Any CPU.ActiveCfg = Debug|Any CPU
		{9C460592-9AB0-4C28-BD46-B01A3D1261F2}.Debug|Any CPU.Build.0 = Debug|Any CPU
		{9C460592-9AB0-4C28-BD46-B01A3D1261F2}.Debug|Any CPU.Deploy.0 = Debug|Any CPU
		{9C460592-9AB0-4C28-BD46-B01A3D1261F2}.Debug|iPhone.ActiveCfg = Debug|Any CPU
		{9C460592-9AB0-4C28-BD46-B01A3D1261F2}.Debug|iPhone.Build.0 = Debug|Any CPU
		{9C460592-9AB0-4C28-BD46-B01A3D1261F2}.Debug|iPhone.Deploy.0 = Debug|Any CPU
		{9C460592-9AB0-4C28-BD46-B01A3D1261F2}.Debug|iPhoneSimulator.ActiveCfg = Debug|Any CPU
		{9C460592-9AB0-4C28-BD46-B01A3D1261F2}.Debug|iPhoneSimulator.Build.0 = Debug|Any CPU
		{9C460592-9AB0-4C28-BD46-B01A3D1261F2}.Debug|iPhoneSimulator.Deploy.0 = Debug|Any CPU
		{9C460592-9AB0-4C28-BD46-B01A3D1261F2}.Release|Any CPU.ActiveCfg = Release|Any CPU
		{9C460592-9AB0-4C28-BD46-B01A3D1261F2}.Release|Any CPU.Build.0 = Release|Any CPU
		{9C460592-9AB0-4C28-BD46-B01A3D1261F2}.Release|Any CPU.Deploy.0 = Release|Any CPU
		{9C460592-9AB0-4C28-BD46-B01A3D1261F2}.Release|iPhone.ActiveCfg = Release|Any CPU
		{9C460592-9AB0-4C28-BD46-B01A3D1261F2}.Release|iPhone.Build.0 = Release|Any CPU
		{9C460592-9AB0-4C28-BD46-B01A3D1261F2}.Release|iPhone.Deploy.0 = Release|Any CPU
		{9C460592-9AB0-4C28-BD46-B01A3D1261F2}.Release|iPhoneSimulator.ActiveCfg = Release|Any CPU
		{9C460592-9AB0-4C28-BD46-B01A3D1261F2}.Release|iPhoneSimulator.Build.0 = Release|Any CPU
		{9C460592-9AB0-4C28-BD46-B01A3D1261F2}.Release|iPhoneSimulator.Deploy.0 = Release|Any CPU
	EndGlobalSection
	GlobalSection(SolutionProperties) = preSolution
		HideSolutionNode = FALSE
	EndGlobalSection
	GlobalSection(ExtensibilityGlobals) = postSolution
		SolutionGuid = {D935883D-B583-4E61-AC29-B35300B8ECA6}
	EndGlobalSection
EndGlobal
