
Microsoft Visual Studio Solution File, Format Version 12.00
# Visual Studio Version 16
VisualStudioVersion = 16.0.30517.126
MinimumVisualStudioVersion = 10.0.40219.1
Project("{FAE04EC0-301F-11D3-BF4B-00C04F79EFBC}") = "kickshow.Android", "kickshow.Android\kickshow.Android.csproj", "{A58644C4-2A86-4943-B8E2-C5347186B96F}"
EndProject
Project("{FAE04EC0-301F-11D3-BF4B-00C04F79EFBC}") = "kickshow.iOS", "kickshow.iOS\kickshow.iOS.csproj", "{CB6FA775-6022-4395-A95E-8C10B3DF3E49}"
EndProject
Project("{FAE04EC0-301F-11D3-BF4B-00C04F79EFBC}") = "kickshow", "kickshow\kickshow.csproj", "{BC0131B1-FE5E-4191-8EDB-5BA982C486E4}"
EndProject
Global
	GlobalSection(SolutionConfigurationPlatforms) = preSolution
		Debug|Any CPU = Debug|Any CPU
		Debug|iPhone = Debug|iPhone
		Debug|iPhoneSimulator = Debug|iPhoneSimulator
		Release|Any CPU = Release|Any CPU
		Release|iPhone = Release|iPhone
		Release|iPhoneSimulator = Release|iPhoneSimulator
	EndGlobalSection
	GlobalSection(ProjectConfigurationPlatforms) = postSolution
		{A58644C4-2A86-4943-B8E2-C5347186B96F}.Debug|Any CPU.ActiveCfg = Debug|Any CPU
		{A58644C4-2A86-4943-B8E2-C5347186B96F}.Debug|Any CPU.Build.0 = Debug|Any CPU
		{A58644C4-2A86-4943-B8E2-C5347186B96F}.Debug|Any CPU.Deploy.0 = Debug|Any CPU
		{A58644C4-2A86-4943-B8E2-C5347186B96F}.Debug|iPhone.ActiveCfg = Debug|Any CPU
		{A58644C4-2A86-4943-B8E2-C5347186B96F}.Debug|iPhone.Build.0 = Debug|Any CPU
		{A58644C4-2A86-4943-B8E2-C5347186B96F}.Debug|iPhone.Deploy.0 = Debug|Any CPU
		{A58644C4-2A86-4943-B8E2-C5347186B96F}.Debug|iPhoneSimulator.ActiveCfg = Debug|Any CPU
		{A58644C4-2A86-4943-B8E2-C5347186B96F}.Debug|iPhoneSimulator.Build.0 = Debug|Any CPU
		{A58644C4-2A86-4943-B8E2-C5347186B96F}.Debug|iPhoneSimulator.Deploy.0 = Debug|Any CPU
		{A58644C4-2A86-4943-B8E2-C5347186B96F}.Release|Any CPU.ActiveCfg = Release|Any CPU
		{A58644C4-2A86-4943-B8E2-C5347186B96F}.Release|Any CPU.Build.0 = Release|Any CPU
		{A58644C4-2A86-4943-B8E2-C5347186B96F}.Release|Any CPU.Deploy.0 = Release|Any CPU
		{A58644C4-2A86-4943-B8E2-C5347186B96F}.Release|iPhone.ActiveCfg = Release|Any CPU
		{A58644C4-2A86-4943-B8E2-C5347186B96F}.Release|iPhone.Build.0 = Release|Any CPU
		{A58644C4-2A86-4943-B8E2-C5347186B96F}.Release|iPhone.Deploy.0 = Release|Any CPU
		{A58644C4-2A86-4943-B8E2-C5347186B96F}.Release|iPhoneSimulator.ActiveCfg = Release|Any CPU
		{A58644C4-2A86-4943-B8E2-C5347186B96F}.Release|iPhoneSimulator.Build.0 = Release|Any CPU
		{A58644C4-2A86-4943-B8E2-C5347186B96F}.Release|iPhoneSimulator.Deploy.0 = Release|Any CPU
		{CB6FA775-6022-4395-A95E-8C10B3DF3E49}.Debug|Any CPU.ActiveCfg = Debug|iPhone
		{CB6FA775-6022-4395-A95E-8C10B3DF3E49}.Debug|Any CPU.Build.0 = Debug|iPhone
		{CB6FA775-6022-4395-A95E-8C10B3DF3E49}.Debug|Any CPU.Deploy.0 = Debug|iPhone
		{CB6FA775-6022-4395-A95E-8C10B3DF3E49}.Debug|iPhone.ActiveCfg = Debug|iPhone
		{CB6FA775-6022-4395-A95E-8C10B3DF3E49}.Debug|iPhone.Build.0 = Debug|iPhone
		{CB6FA775-6022-4395-A95E-8C10B3DF3E49}.Debug|iPhone.Deploy.0 = Debug|iPhone
		{CB6FA775-6022-4395-A95E-8C10B3DF3E49}.Debug|iPhoneSimulator.ActiveCfg = Debug|iPhoneSimulator
		{CB6FA775-6022-4395-A95E-8C10B3DF3E49}.Debug|iPhoneSimulator.Build.0 = Debug|iPhoneSimulator
		{CB6FA775-6022-4395-A95E-8C10B3DF3E49}.Debug|iPhoneSimulator.Deploy.0 = Debug|iPhoneSimulator
		{CB6FA775-6022-4395-A95E-8C10B3DF3E49}.Release|Any CPU.ActiveCfg = Release|iPhoneSimulator
		{CB6FA775-6022-4395-A95E-8C10B3DF3E49}.Release|Any CPU.Build.0 = Release|iPhoneSimulator
		{CB6FA775-6022-4395-A95E-8C10B3DF3E49}.Release|Any CPU.Deploy.0 = Release|iPhoneSimulator
		{CB6FA775-6022-4395-A95E-8C10B3DF3E49}.Release|iPhone.ActiveCfg = Release|iPhone
		{CB6FA775-6022-4395-A95E-8C10B3DF3E49}.Release|iPhone.Build.0 = Release|iPhone
		{CB6FA775-6022-4395-A95E-8C10B3DF3E49}.Release|iPhone.Deploy.0 = Release|iPhone
		{CB6FA775-6022-4395-A95E-8C10B3DF3E49}.Release|iPhoneSimulator.ActiveCfg = Release|iPhoneSimulator
		{CB6FA775-6022-4395-A95E-8C10B3DF3E49}.Release|iPhoneSimulator.Build.0 = Release|iPhoneSimulator
		{CB6FA775-6022-4395-A95E-8C10B3DF3E49}.Release|iPhoneSimulator.Deploy.0 = Release|iPhoneSimulator
		{BC0131B1-FE5E-4191-8EDB-5BA982C486E4}.Debug|Any CPU.ActiveCfg = Debug|Any CPU
		{BC0131B1-FE5E-4191-8EDB-5BA982C486E4}.Debug|Any CPU.Build.0 = Debug|Any CPU
		{BC0131B1-FE5E-4191-8EDB-5BA982C486E4}.Debug|Any CPU.Deploy.0 = Debug|Any CPU
		{BC0131B1-FE5E-4191-8EDB-5BA982C486E4}.Debug|iPhone.ActiveCfg = Debug|Any CPU
		{BC0131B1-FE5E-4191-8EDB-5BA982C486E4}.Debug|iPhone.Build.0 = Debug|Any CPU
		{BC0131B1-FE5E-4191-8EDB-5BA982C486E4}.Debug|iPhone.Deploy.0 = Debug|Any CPU
		{BC0131B1-FE5E-4191-8EDB-5BA982C486E4}.Debug|iPhoneSimulator.ActiveCfg = Debug|Any CPU
		{BC0131B1-FE5E-4191-8EDB-5BA982C486E4}.Debug|iPhoneSimulator.Build.0 = Debug|Any CPU
		{BC0131B1-FE5E-4191-8EDB-5BA982C486E4}.Debug|iPhoneSimulator.Deploy.0 = Debug|Any CPU
		{BC0131B1-FE5E-4191-8EDB-5BA982C486E4}.Release|Any CPU.ActiveCfg = Release|Any CPU
		{BC0131B1-FE5E-4191-8EDB-5BA982C486E4}.Release|Any CPU.Build.0 = Release|Any CPU
		{BC0131B1-FE5E-4191-8EDB-5BA982C486E4}.Release|Any CPU.Deploy.0 = Release|Any CPU
		{BC0131B1-FE5E-4191-8EDB-5BA982C486E4}.Release|iPhone.ActiveCfg = Release|Any CPU
		{BC0131B1-FE5E-4191-8EDB-5BA982C486E4}.Release|iPhone.Build.0 = Release|Any CPU
		{BC0131B1-FE5E-4191-8EDB-5BA982C486E4}.Release|iPhone.Deploy.0 = Release|Any CPU
		{BC0131B1-FE5E-4191-8EDB-5BA982C486E4}.Release|iPhoneSimulator.ActiveCfg = Release|Any CPU
		{BC0131B1-FE5E-4191-8EDB-5BA982C486E4}.Release|iPhoneSimulator.Build.0 = Release|Any CPU
		{BC0131B1-FE5E-4191-8EDB-5BA982C486E4}.Release|iPhoneSimulator.Deploy.0 = Release|Any CPU
	EndGlobalSection
	GlobalSection(SolutionProperties) = preSolution
		HideSolutionNode = FALSE
	EndGlobalSection
	GlobalSection(ExtensibilityGlobals) = postSolution
		SolutionGuid = {0CDA06A3-D888-4F3D-8B14-703F75228694}
	EndGlobalSection
EndGlobal
